
Microsoft Visual Studio Solution File, Format Version 12.00
# Visual Studio Version 17
VisualStudioVersion = 17.14.36705.20 d17.14
MinimumVisualStudioVersion = 10.0.40219.1
Project("{C9674DCB-5085-4A16-B785-4C70DD1589BD}") = "Bank_STG_ETL", "Bank_STG_ETL\Bank_STG_ETL.dtproj", "{C47AEEEF-E2C8-00B3-869E-2D0C75E2AA72}"
EndProject
Global
	GlobalSection(SolutionConfigurationPlatforms) = preSolution
		Development|Default = Development|Default
	EndGlobalSection
	GlobalSection(ProjectConfigurationPlatforms) = postSolution
		{C47AEEEF-E2C8-00B3-869E-2D0C75E2AA72}.Development|Default.ActiveCfg = Development
		{C47AEEEF-E2C8-00B3-869E-2D0C75E2AA72}.Development|Default.Build.0 = Development
	EndGlobalSection
	GlobalSection(SolutionProperties) = preSolution
		HideSolutionNode = FALSE
	EndGlobalSection
	GlobalSection(ExtensibilityGlobals) = postSolution
		SolutionGuid = {98BD5685-D872-49A2-95BD-13BDEE125D33}
	EndGlobalSection
EndGlobal
